// !$*UTF8*$!
{
	archiveVersion = 1;
	classes = {
	};
	objectVersion = 50;
	objects = {

/* Begin PBXBuildFile section */
		FF912E8126688586009DD490 /* TodayWIshlistApp.swift in Sources */ = {isa = PBXBuildFile; fileRef = FF912E8026688586009DD490 /* TodayWIshlistApp.swift */; };
		FF912E8326688586009DD490 /* ContentView.swift in Sources */ = {isa = PBXBuildFile; fileRef = FF912E8226688586009DD490 /* ContentView.swift */; };
		FF912E8526688588009DD490 /* Assets.xcassets in Resources */ = {isa = PBXBuildFile; fileRef = FF912E8426688588009DD490 /* Assets.xcassets */; };
		FF912E8826688588009DD490 /* Preview Assets.xcassets in Resources */ = {isa = PBXBuildFile; fileRef = FF912E8726688588009DD490 /* Preview Assets.xcassets */; };
		FF912E9326688588009DD490 /* TodayWIshlistTests.swift in Sources */ = {isa = PBXBuildFile; fileRef = FF912E9226688588009DD490 /* TodayWIshlistTests.swift */; };
		FF912E9E26688588009DD490 /* TodayWIshlistUITests.swift in Sources */ = {isa = PBXBuildFile; fileRef = FF912E9D26688588009DD490 /* TodayWIshlistUITests.swift */; };
		FF912EAF266885EA009DD490 /* ItemView.swift in Sources */ = {isa = PBXBuildFile; fileRef = FF912EAE266885EA009DD490 /* ItemView.swift */; };
		FF912EB4266885F5009DD490 /* About.swift in Sources */ = {isa = PBXBuildFile; fileRef = FF912EB3266885F5009DD490 /* About.swift */; };
		FF912EBA2668860C009DD490 /* extentions.swift in Sources */ = {isa = PBXBuildFile; fileRef = FF912EB92668860C009DD490 /* extentions.swift */; };
/* End PBXBuildFile section */

/* Begin PBXContainerItemProxy section */
		FF912E8F26688588009DD490 /* PBXContainerItemProxy */ = {
			isa = PBXContainerItemProxy;
			containerPortal = FF912E7526688586009DD490 /* Project object */;
			proxyType = 1;
			remoteGlobalIDString = FF912E7C26688586009DD490;
			remoteInfo = TodayWIshlist;
		};
		FF912E9A26688588009DD490 /* PBXContainerItemProxy */ = {
			isa = PBXContainerItemProxy;
			containerPortal = FF912E7526688586009DD490 /* Project object */;
			proxyType = 1;
			remoteGlobalIDString = FF912E7C26688586009DD490;
			remoteInfo = TodayWIshlist;
		};
/* End PBXContainerItemProxy section */

/* Begin PBXFileReference section */
		FF912E7D26688586009DD490 /* TodayWIshlist.app */ = {isa = PBXFileReference; explicitFileType = wrapper.application; includeInIndex = 0; path = TodayWIshlist.app; sourceTree = BUILT_PRODUCTS_DIR; };
		FF912E8026688586009DD490 /* TodayWIshlistApp.swift */ = {isa = PBXFileReference; lastKnownFileType = sourcecode.swift; path = TodayWIshlistApp.swift; sourceTree = "<group>"; };
		FF912E8226688586009DD490 /* ContentView.swift */ = {isa = PBXFileReference; lastKnownFileType = sourcecode.swift; path = ContentView.swift; sourceTree = "<group>"; };
		FF912E8426688588009DD490 /* Assets.xcassets */ = {isa = PBXFileReference; lastKnownFileType = folder.assetcatalog; path = Assets.xcassets; sourceTree = "<group>"; };
		FF912E8726688588009DD490 /* Preview Assets.xcassets */ = {isa = PBXFileReference; lastKnownFileType = folder.assetcatalog; path = "Preview Assets.xcassets"; sourceTree = "<group>"; };
		FF912E8926688588009DD490 /* Info.plist */ = {isa = PBXFileReference; lastKnownFileType = text.plist.xml; path = Info.plist; sourceTree = "<group>"; };
		FF912E8E26688588009DD490 /* TodayWIshlistTests.xctest */ = {isa = PBXFileReference; explicitFileType = wrapper.cfbundle; includeInIndex = 0; path = TodayWIshlistTests.xctest; sourceTree = BUILT_PRODUCTS_DIR; };
		FF912E9226688588009DD490 /* TodayWIshlistTests.swift */ = {isa = PBXFileReference; lastKnownFileType = sourcecode.swift; path = TodayWIshlistTests.swift; sourceTree = "<group>"; };
		FF912E9426688588009DD490 /* Info.plist */ = {isa = PBXFileReference; lastKnownFileType = text.plist.xml; path = Info.plist; sourceTree = "<group>"; };
		FF912E9926688588009DD490 /* TodayWIshlistUITests.xctest */ = {isa = PBXFileReference; explicitFileType = wrapper.cfbundle; includeInIndex = 0; path = TodayWIshlistUITests.xctest; sourceTree = BUILT_PRODUCTS_DIR; };
		FF912E9D26688588009DD490 /* TodayWIshlistUITests.swift */ = {isa = PBXFileReference; lastKnownFileType = sourcecode.swift; path = TodayWIshlistUITests.swift; sourceTree = "<group>"; };
		FF912E9F26688588009DD490 /* Info.plist */ = {isa = PBXFileReference; lastKnownFileType = text.plist.xml; path = Info.plist; sourceTree = "<group>"; };
		FF912EAE266885EA009DD490 /* ItemView.swift */ = {isa = PBXFileReference; lastKnownFileType = sourcecode.swift; path = ItemView.swift; sourceTree = "<group>"; };
		FF912EB3266885F5009DD490 /* About.swift */ = {isa = PBXFileReference; lastKnownFileType = sourcecode.swift; path = About.swift; sourceTree = "<group>"; };
		FF912EB92668860C009DD490 /* extentions.swift */ = {isa = PBXFileReference; lastKnownFileType = sourcecode.swift; path = extentions.swift; sourceTree = "<group>"; };
/* End PBXFileReference section */

/* Begin PBXFrameworksBuildPhase section */
		FF912E7A26688586009DD490 /* Frameworks */ = {
			isa = PBXFrameworksBuildPhase;
			buildActionMask = 2147483647;
			files = (
			);
			runOnlyForDeploymentPostprocessing = 0;
		};
		FF912E8B26688588009DD490 /* Frameworks */ = {
			isa = PBXFrameworksBuildPhase;
			buildActionMask = 2147483647;
			files = (
			);
			runOnlyForDeploymentPostprocessing = 0;
		};
		FF912E9626688588009DD490 /* Frameworks */ = {
			isa = PBXFrameworksBuildPhase;
			buildActionMask = 2147483647;
			files = (
			);
			runOnlyForDeploymentPostprocessing = 0;
		};
/* End PBXFrameworksBuildPhase section */

/* Begin PBXGroup section */
		FF912E7426688586009DD490 = {
			isa = PBXGroup;
			children = (
				FF912E7F26688586009DD490 /* TodayWIshlist */,
				FF912E9126688588009DD490 /* TodayWIshlistTests */,
				FF912E9C26688588009DD490 /* TodayWIshlistUITests */,
				FF912E7E26688586009DD490 /* Products */,
			);
			sourceTree = "<group>";
		};
		FF912E7E26688586009DD490 /* Products */ = {
			isa = PBXGroup;
			children = (
				FF912E7D26688586009DD490 /* TodayWIshlist.app */,
				FF912E8E26688588009DD490 /* TodayWIshlistTests.xctest */,
				FF912E9926688588009DD490 /* TodayWIshlistUITests.xctest */,
			);
			name = Products;
			sourceTree = "<group>";
		};
		FF912E7F26688586009DD490 /* TodayWIshlist */ = {
			isa = PBXGroup;
			children = (
				FF912E8026688586009DD490 /* TodayWIshlistApp.swift */,
				FF912E8226688586009DD490 /* ContentView.swift */,
				FF912EAE266885EA009DD490 /* ItemView.swift */,
				FF912EB3266885F5009DD490 /* About.swift */,
				FF912EB8266885FE009DD490 /* Resources */,
				FF912E8426688588009DD490 /* Assets.xcassets */,
				FF912E8926688588009DD490 /* Info.plist */,
				FF912E8626688588009DD490 /* Preview Content */,
			);
			path = TodayWIshlist;
			sourceTree = "<group>";
		};
		FF912E8626688588009DD490 /* Preview Content */ = {
			isa = PBXGroup;
			children = (
				FF912E8726688588009DD490 /* Preview Assets.xcassets */,
			);
			path = "Preview Content";
			sourceTree = "<group>";
		};
		FF912E9126688588009DD490 /* TodayWIshlistTests */ = {
			isa = PBXGroup;
			children = (
				FF912E9226688588009DD490 /* TodayWIshlistTests.swift */,
				FF912E9426688588009DD490 /* Info.plist */,
			);
			path = TodayWIshlistTests;
			sourceTree = "<group>";
		};
		FF912E9C26688588009DD490 /* TodayWIshlistUITests */ = {
			isa = PBXGroup;
			children = (
				FF912E9D26688588009DD490 /* TodayWIshlistUITests.swift */,
				FF912E9F26688588009DD490 /* Info.plist */,
			);
			path = TodayWIshlistUITests;
			sourceTree = "<group>";
		};
		FF912EB8266885FE009DD490 /* Resources */ = {
			isa = PBXGroup;
			children = (
				FF912EB92668860C009DD490 /* extentions.swift */,
			);
			path = Resources;
			sourceTree = "<group>";
		};
/* End PBXGroup section */

/* Begin PBXNativeTarget section */
		FF912E7C26688586009DD490 /* TodayWIshlist */ = {
			isa = PBXNativeTarget;
			buildConfigurationList = FF912EA226688588009DD490 /* Build configuration list for PBXNativeTarget "TodayWIshlist" */;
			buildPhases = (
				FF912E7926688586009DD490 /* Sources */,
				FF912E7A26688586009DD490 /* Frameworks */,
				FF912E7B26688586009DD490 /* Resources */,
			);
			buildRules = (
			);
			dependencies = (
			);
			name = TodayWIshlist;
			productName = TodayWIshlist;
			productReference = FF912E7D26688586009DD490 /* TodayWIshlist.app */;
			productType = "com.apple.product-type.application";
		};
		FF912E8D26688588009DD490 /* TodayWIshlistTests */ = {
			isa = PBXNativeTarget;
			buildConfigurationList = FF912EA526688588009DD490 /* Build configuration list for PBXNativeTarget "TodayWIshlistTests" */;
			buildPhases = (
				FF912E8A26688588009DD490 /* Sources */,
				FF912E8B26688588009DD490 /* Frameworks */,
				FF912E8C26688588009DD490 /* Resources */,
			);
			buildRules = (
			);
			dependencies = (
				FF912E9026688588009DD490 /* PBXTargetDependency */,
			);
			name = TodayWIshlistTests;
			productName = TodayWIshlistTests;
			productReference = FF912E8E26688588009DD490 /* TodayWIshlistTests.xctest */;
			productType = "com.apple.product-type.bundle.unit-test";
		};
		FF912E9826688588009DD490 /* TodayWIshlistUITests */ = {
			isa = PBXNativeTarget;
			buildConfigurationList = FF912EA826688588009DD490 /* Build configuration list for PBXNativeTarget "TodayWIshlistUITests" */;
			buildPhases = (
				FF912E9526688588009DD490 /* Sources */,
				FF912E9626688588009DD490 /* Frameworks */,
				FF912E9726688588009DD490 /* Resources */,
			);
			buildRules = (
			);
			dependencies = (
				FF912E9B26688588009DD490 /* PBXTargetDependency */,
			);
			name = TodayWIshlistUITests;
			productName = TodayWIshlistUITests;
			productReference = FF912E9926688588009DD490 /* TodayWIshlistUITests.xctest */;
			productType = "com.apple.product-type.bundle.ui-testing";
		};
/* End PBXNativeTarget section */

/* Begin PBXProject section */
		FF912E7526688586009DD490 /* Project object */ = {
			isa = PBXProject;
			attributes = {
				LastSwiftUpdateCheck = 1240;
				LastUpgradeCheck = 1240;
				TargetAttributes = {
					FF912E7C26688586009DD490 = {
						CreatedOnToolsVersion = 12.4;
					};
					FF912E8D26688588009DD490 = {
						CreatedOnToolsVersion = 12.4;
						TestTargetID = FF912E7C26688586009DD490;
					};
					FF912E9826688588009DD490 = {
						CreatedOnToolsVersion = 12.4;
						TestTargetID = FF912E7C26688586009DD490;
					};
				};
			};
			buildConfigurationList = FF912E7826688586009DD490 /* Build configuration list for PBXProject "TodayWIshlist" */;
			compatibilityVersion = "Xcode 9.3";
			developmentRegion = en;
			hasScannedForEncodings = 0;
			knownRegions = (
				en,
				Base,
			);
			mainGroup = FF912E7426688586009DD490;
			productRefGroup = FF912E7E26688586009DD490 /* Products */;
			projectDirPath = "";
			projectRoot = "";
			targets = (
				FF912E7C26688586009DD490 /* TodayWIshlist */,
				FF912E8D26688588009DD490 /* TodayWIshlistTests */,
				FF912E9826688588009DD490 /* TodayWIshlistUITests */,
			);
		};
/* End PBXProject section */

/* Begin PBXResourcesBuildPhase section */
		FF912E7B26688586009DD490 /* Resources */ = {
			isa = PBXResourcesBuildPhase;
			buildActionMask = 2147483647;
			files = (
				FF912E8826688588009DD490 /* Preview Assets.xcassets in Resources */,
				FF912E8526688588009DD490 /* Assets.xcassets in Resources */,
			);
			runOnlyForDeploymentPostprocessing = 0;
		};
		FF912E8C26688588009DD490 /* Resources */ = {
			isa = PBXResourcesBuildPhase;
			buildActionMask = 2147483647;
			files = (
			);
			runOnlyForDeploymentPostprocessing = 0;
		};
		FF912E9726688588009DD490 /* Resources */ = {
			isa = PBXResourcesBuildPhase;
			buildActionMask = 2147483647;
			files = (
			);
			runOnlyForDeploymentPostprocessing = 0;
		};
/* End PBXResourcesBuildPhase section */

/* Begin PBXSourcesBuildPhase section */
		FF912E7926688586009DD490 /* Sources */ = {
			isa = PBXSourcesBuildPhase;
			buildActionMask = 2147483647;
			files = (
				FF912E8326688586009DD490 /* ContentView.swift in Sources */,
				FF912EB4266885F5009DD490 /* About.swift in Sources */,
				FF912EBA2668860C009DD490 /* extentions.swift in Sources */,
				FF912EAF266885EA009DD490 /* ItemView.swift in Sources */,
				FF912E8126688586009DD490 /* TodayWIshlistApp.swift in Sources */,
			);
			runOnlyForDeploymentPostprocessing = 0;
		};
		FF912E8A26688588009DD490 /* Sources */ = {
			isa = PBXSourcesBuildPhase;
			buildActionMask = 2147483647;
			files = (
				FF912E9326688588009DD490 /* TodayWIshlistTests.swift in Sources */,
			);
			runOnlyForDeploymentPostprocessing = 0;
		};
		FF912E9526688588009DD490 /* Sources */ = {
			isa = PBXSourcesBuildPhase;
			buildActionMask = 2147483647;
			files = (
				FF912E9E26688588009DD490 /* TodayWIshlistUITests.swift in Sources */,
			);
			runOnlyForDeploymentPostprocessing = 0;
		};
/* End PBXSourcesBuildPhase section */

/* Begin PBXTargetDependency section */
		FF912E9026688588009DD490 /* PBXTargetDependency */ = {
			isa = PBXTargetDependency;
			target = FF912E7C26688586009DD490 /* TodayWIshlist */;
			targetProxy = FF912E8F26688588009DD490 /* PBXContainerItemProxy */;
		};
		FF912E9B26688588009DD490 /* PBXTargetDependency */ = {
			isa = PBXTargetDependency;
			target = FF912E7C26688586009DD490 /* TodayWIshlist */;
			targetProxy = FF912E9A26688588009DD490 /* PBXContainerItemProxy */;
		};
/* End PBXTargetDependency section */

/* Begin XCBuildConfiguration section */
		FF912EA026688588009DD490 /* Debug */ = {
			isa = XCBuildConfiguration;
			buildSettings = {
				ALWAYS_SEARCH_USER_PATHS = NO;
				CLANG_ANALYZER_NONNULL = YES;
				CLANG_ANALYZER_NUMBER_OBJECT_CONVERSION = YES_AGGRESSIVE;
				CLANG_CXX_LANGUAGE_STANDARD = "gnu++14";
				CLANG_CXX_LIBRARY = "libc++";
				CLANG_ENABLE_MODULES = YES;
				CLANG_ENABLE_OBJC_ARC = YES;
				CLANG_ENABLE_OBJC_WEAK = YES;
				CLANG_WARN_BLOCK_CAPTURE_AUTORELEASING = YES;
				CLANG_WARN_BOOL_CONVERSION = YES;
				CLANG_WARN_COMMA = YES;
				CLANG_WARN_CONSTANT_CONVERSION = YES;
				CLANG_WARN_DEPRECATED_OBJC_IMPLEMENTATIONS = YES;
				CLANG_WARN_DIRECT_OBJC_ISA_USAGE = YES_ERROR;
				CLANG_WARN_DOCUMENTATION_COMMENTS = YES;
				CLANG_WARN_EMPTY_BODY = YES;
				CLANG_WARN_ENUM_CONVERSION = YES;
				CLANG_WARN_INFINITE_RECURSION = YES;
				CLANG_WARN_INT_CONVERSION = YES;
				CLANG_WARN_NON_LITERAL_NULL_CONVERSION = YES;
				CLANG_WARN_OBJC_IMPLICIT_RETAIN_SELF = YES;
				CLANG_WARN_OBJC_LITERAL_CONVERSION = YES;
				CLANG_WARN_OBJC_ROOT_CLASS = YES_ERROR;
				CLANG_WARN_QUOTED_INCLUDE_IN_FRAMEWORK_HEADER = YES;
				CLANG_WARN_RANGE_LOOP_ANALYSIS = YES;
				CLANG_WARN_STRICT_PROTOTYPES = YES;
				CLANG_WARN_SUSPICIOUS_MOVE = YES;
				CLANG_WARN_UNGUARDED_AVAILABILITY = YES_AGGRESSIVE;
				CLANG_WARN_UNREACHABLE_CODE = YES;
				CLANG_WARN__DUPLICATE_METHOD_MATCH = YES;
				COPY_PHASE_STRIP = NO;
				DEBUG_INFORMATION_FORMAT = dwarf;
				ENABLE_STRICT_OBJC_MSGSEND = YES;
				ENABLE_TESTABILITY = YES;
				GCC_C_LANGUAGE_STANDARD = gnu11;
				GCC_DYNAMIC_NO_PIC = NO;
				GCC_NO_COMMON_BLOCKS = YES;
				GCC_OPTIMIZATION_LEVEL = 0;
				GCC_PREPROCESSOR_DEFINITIONS = (
					"DEBUG=1",
					"$(inherited)",
				);
				GCC_WARN_64_TO_32_BIT_CONVERSION = YES;
				GCC_WARN_ABOUT_RETURN_TYPE = YES_ERROR;
				GCC_WARN_UNDECLARED_SELECTOR = YES;
				GCC_WARN_UNINITIALIZED_AUTOS = YES_AGGRESSIVE;
				GCC_WARN_UNUSED_FUNCTION = YES;
				GCC_WARN_UNUSED_VARIABLE = YES;
				IPHONEOS_DEPLOYMENT_TARGET = 14.4;
				MTL_ENABLE_DEBUG_INFO = INCLUDE_SOURCE;
				MTL_FAST_MATH = YES;
				ONLY_ACTIVE_ARCH = YES;
				SDKROOT = iphoneos;
				SWIFT_ACTIVE_COMPILATION_CONDITIONS = DEBUG;
				SWIFT_OPTIMIZATION_LEVEL = "-Onone";
			};
			name = Debug;
		};
		FF912EA126688588009DD490 /* Release */ = {
			isa = XCBuildConfiguration;
			buildSettings = {
				ALWAYS_SEARCH_USER_PATHS = NO;
				CLANG_ANALYZER_NONNULL = YES;
				CLANG_ANALYZER_NUMBER_OBJECT_CONVERSION = YES_AGGRESSIVE;
				CLANG_CXX_LANGUAGE_STANDARD = "gnu++14";
				CLANG_CXX_LIBRARY = "libc++";
				CLANG_ENABLE_MODULES = YES;
				CLANG_ENABLE_OBJC_ARC = YES;
				CLANG_ENABLE_OBJC_WEAK = YES;
				CLANG_WARN_BLOCK_CAPTURE_AUTORELEASING = YES;
				CLANG_WARN_BOOL_CONVERSION = YES;
				CLANG_WARN_COMMA = YES;
				CLANG_WARN_CONSTANT_CONVERSION = YES;
				CLANG_WARN_DEPRECATED_OBJC_IMPLEMENTATIONS = YES;
				CLANG_WARN_DIRECT_OBJC_ISA_USAGE = YES_ERROR;
				CLANG_WARN_DOCUMENTATION_COMMENTS = YES;
				CLANG_WARN_EMPTY_BODY = YES;
				CLANG_WARN_ENUM_CONVERSION = YES;
				CLANG_WARN_INFINITE_RECURSION = YES;
				CLANG_WARN_INT_CONVERSION = YES;
				CLANG_WARN_NON_LITERAL_NULL_CONVERSION = YES;
				CLANG_WARN_OBJC_IMPLICIT_RETAIN_SELF = YES;
				CLANG_WARN_OBJC_LITERAL_CONVERSION = YES;
				CLANG_WARN_OBJC_ROOT_CLASS = YES_ERROR;
				CLANG_WARN_QUOTED_INCLUDE_IN_FRAMEWORK_HEADER = YES;
				CLANG_WARN_RANGE_LOOP_ANALYSIS = YES;
				CLANG_WARN_STRICT_PROTOTYPES = YES;
				CLANG_WARN_SUSPICIOUS_MOVE = YES;
				CLANG_WARN_UNGUARDED_AVAILABILITY = YES_AGGRESSIVE;
				CLANG_WARN_UNREACHABLE_CODE = YES;
				CLANG_WARN__DUPLICATE_METHOD_MATCH = YES;
				COPY_PHASE_STRIP = NO;
				DEBUG_INFORMATION_FORMAT = "dwarf-with-dsym";
				ENABLE_NS_ASSERTIONS = NO;
				ENABLE_STRICT_OBJC_MSGSEND = YES;
				GCC_C_LANGUAGE_STANDARD = gnu11;
				GCC_NO_COMMON_BLOCKS = YES;
				GCC_WARN_64_TO_32_BIT_CONVERSION = YES;
				GCC_WARN_ABOUT_RETURN_TYPE = YES_ERROR;
				GCC_WARN_UNDECLARED_SELECTOR = YES;
				GCC_WARN_UNINITIALIZED_AUTOS = YES_AGGRESSIVE;
				GCC_WARN_UNUSED_FUNCTION = YES;
				GCC_WARN_UNUSED_VARIABLE = YES;
				IPHONEOS_DEPLOYMENT_TARGET = 14.4;
				MTL_ENABLE_DEBUG_INFO = NO;
				MTL_FAST_MATH = YES;
				SDKROOT = iphoneos;
				SWIFT_COMPILATION_MODE = wholemodule;
				SWIFT_OPTIMIZATION_LEVEL = "-O";
				VALIDATE_PRODUCT = YES;
			};
			name = Release;
		};
		FF912EA326688588009DD490 /* Debug */ = {
			isa = XCBuildConfiguration;
			buildSettings = {
				ASSETCATALOG_COMPILER_APPICON_NAME = AppIcon;
				ASSETCATALOG_COMPILER_GLOBAL_ACCENT_COLOR_NAME = AccentColor;
				CODE_SIGN_STYLE = Automatic;
				DEVELOPMENT_ASSET_PATHS = "\"TodayWIshlist/Preview Content\"";
				DEVELOPMENT_TEAM = BLGCGGKJB5;
				ENABLE_PREVIEWS = YES;
				INFOPLIST_FILE = TodayWIshlist/Info.plist;
				IPHONEOS_DEPLOYMENT_TARGET = 14.0;
				LD_RUNPATH_SEARCH_PATHS = (
					"$(inherited)",
					"@executable_path/Frameworks",
				);
				PRODUCT_BUNDLE_IDENTIFIER = com.MConvertUiKit.TodayWIshlist;
				PRODUCT_NAME = "$(TARGET_NAME)";
				SWIFT_VERSION = 5.0;
				TARGETED_DEVICE_FAMILY = "1,2";
			};
			name = Debug;
		};
		FF912EA426688588009DD490 /* Release */ = {
			isa = XCBuildConfiguration;
			buildSettings = {
				ASSETCATALOG_COMPILER_APPICON_NAME = AppIcon;
				ASSETCATALOG_COMPILER_GLOBAL_ACCENT_COLOR_NAME = AccentColor;
				CODE_SIGN_STYLE = Automatic;
				DEVELOPMENT_ASSET_PATHS = "\"TodayWIshlist/Preview Content\"";
				DEVELOPMENT_TEAM = BLGCGGKJB5;
				ENABLE_PREVIEWS = YES;
				INFOPLIST_FILE = TodayWIshlist/Info.plist;
				IPHONEOS_DEPLOYMENT_TARGET = 14.0;
				LD_RUNPATH_SEARCH_PATHS = (
					"$(inherited)",
					"@executable_path/Frameworks",
				);
				PRODUCT_BUNDLE_IDENTIFIER = com.MConvertUiKit.TodayWIshlist;
				PRODUCT_NAME = "$(TARGET_NAME)";
				SWIFT_VERSION = 5.0;
				TARGETED_DEVICE_FAMILY = "1,2";
			};
			name = Release;
		};
		FF912EA626688588009DD490 /* Debug */ = {
			isa = XCBuildConfiguration;
			buildSettings = {
				ALWAYS_EMBED_SWIFT_STANDARD_LIBRARIES = YES;
				BUNDLE_LOADER = "$(TEST_HOST)";
				CODE_SIGN_STYLE = Automatic;
				DEVELOPMENT_TEAM = BLGCGGKJB5;
				INFOPLIST_FILE = TodayWIshlistTests/Info.plist;
				IPHONEOS_DEPLOYMENT_TARGET = 14.0;
				LD_RUNPATH_SEARCH_PATHS = (
					"$(inherited)",
					"@executable_path/Frameworks",
					"@loader_path/Frameworks",
				);
				PRODUCT_BUNDLE_IDENTIFIER = com.MConvertUiKit.TodayWIshlistTests;
				PRODUCT_NAME = "$(TARGET_NAME)";
				SWIFT_VERSION = 5.0;
				TARGETED_DEVICE_FAMILY = "1,2";
				TEST_HOST = "$(BUILT_PRODUCTS_DIR)/TodayWIshlist.app/TodayWIshlist";
			};
			name = Debug;
		};
		FF912EA726688588009DD490 /* Release */ = {
			isa = XCBuildConfiguration;
			buildSettings = {
				ALWAYS_EMBED_SWIFT_STANDARD_LIBRARIES = YES;
				BUNDLE_LOADER = "$(TEST_HOST)";
				CODE_SIGN_STYLE = Automatic;
				DEVELOPMENT_TEAM = BLGCGGKJB5;
				INFOPLIST_FILE = TodayWIshlistTests/Info.plist;
				IPHONEOS_DEPLOYMENT_TARGET = 14.0;
				LD_RUNPATH_SEARCH_PATHS = (
					"$(inherited)",
					"@executable_path/Frameworks",
					"@loader_path/Frameworks",
				);
				PRODUCT_BUNDLE_IDENTIFIER = com.MConvertUiKit.TodayWIshlistTests;
				PRODUCT_NAME = "$(TARGET_NAME)";
				SWIFT_VERSION = 5.0;
				TARGETED_DEVICE_FAMILY = "1,2";
				TEST_HOST = "$(BUILT_PRODUCTS_DIR)/TodayWIshlist.app/TodayWIshlist";
			};
			name = Release;
		};
		FF912EA926688588009DD490 /* Debug */ = {
			isa = XCBuildConfiguration;
			buildSettings = {
				ALWAYS_EMBED_SWIFT_STANDARD_LIBRARIES = YES;
				CODE_SIGN_STYLE = Automatic;
				DEVELOPMENT_TEAM = BLGCGGKJB5;
				INFOPLIST_FILE = TodayWIshlistUITests/Info.plist;
				LD_RUNPATH_SEARCH_PATHS = (
					"$(inherited)",
					"@executable_path/Frameworks",
					"@loader_path/Frameworks",
				);
				PRODUCT_BUNDLE_IDENTIFIER = com.MConvertUiKit.TodayWIshlistUITests;
				PRODUCT_NAME = "$(TARGET_NAME)";
				SWIFT_VERSION = 5.0;
				TARGETED_DEVICE_FAMILY = "1,2";
				TEST_TARGET_NAME = TodayWIshlist;
			};
			name = Debug;
		};
		FF912EAA26688588009DD490 /* Release */ = {
			isa = XCBuildConfiguration;
			buildSettings = {
				ALWAYS_EMBED_SWIFT_STANDARD_LIBRARIES = YES;
				CODE_SIGN_STYLE = Automatic;
				DEVELOPMENT_TEAM = BLGCGGKJB5;
				INFOPLIST_FILE = TodayWIshlistUITests/Info.plist;
				LD_RUNPATH_SEARCH_PATHS = (
					"$(inherited)",
					"@executable_path/Frameworks",
					"@loader_path/Frameworks",
				);
				PRODUCT_BUNDLE_IDENTIFIER = com.MConvertUiKit.TodayWIshlistUITests;
				PRODUCT_NAME = "$(TARGET_NAME)";
				SWIFT_VERSION = 5.0;
				TARGETED_DEVICE_FAMILY = "1,2";
				TEST_TARGET_NAME = TodayWIshlist;
			};
			name = Release;
		};
/* End XCBuildConfiguration section */

/* Begin XCConfigurationList section */
		FF912E7826688586009DD490 /* Build configuration list for PBXProject "TodayWIshlist" */ = {
			isa = XCConfigurationList;
			buildConfigurations = (
				FF912EA026688588009DD490 /* Debug */,
				FF912EA126688588009DD490 /* Release */,
			);
			defaultConfigurationIsVisible = 0;
			defaultConfigurationName = Release;
		};
		FF912EA226688588009DD490 /* Build configuration list for PBXNativeTarget "TodayWIshlist" */ = {
			isa = XCConfigurationList;
			buildConfigurations = (
				FF912EA326688588009DD490 /* Debug */,
				FF912EA426688588009DD490 /* Release */,
			);
			defaultConfigurationIsVisible = 0;
			defaultConfigurationName = Release;
		};
		FF912EA526688588009DD490 /* Build configuration list for PBXNativeTarget "TodayWIshlistTests" */ = {
			isa = XCConfigurationList;
			buildConfigurations = (
				FF912EA626688588009DD490 /* Debug */,
				FF912EA726688588009DD490 /* Release */,
			);
			defaultConfigurationIsVisible = 0;
			defaultConfigurationName = Release;
		};
		FF912EA826688588009DD490 /* Build configuration list for PBXNativeTarget "TodayWIshlistUITests" */ = {
			isa = XCConfigurationList;
			buildConfigurations = (
				FF912EA926688588009DD490 /* Debug */,
				FF912EAA26688588009DD490 /* Release */,
			);
			defaultConfigurationIsVisible = 0;
			defaultConfigurationName = Release;
		};
/* End XCConfigurationList section */
	};
	rootObject = FF912E7526688586009DD490 /* Project object */;
}
